// !$*UTF8*$!
{
	archiveVersion = 1;
	classes = {
	};
	objectVersion = 48;
	objects = {

/* Begin PBXBuildFile section */
		32B0B0241F8DFCCE00B0FA9E /* AppDelegate.m in Sources */ = {isa = PBXBuildFile; fileRef = 32B0B0231F8DFCCE00B0FA9E /* AppDelegate.m */; };
		32B0B0271F8DFCCE00B0FA9E /* ViewController.m in Sources */ = {isa = PBXBuildFile; fileRef = 32B0B0261F8DFCCE00B0FA9E /* ViewController.m */; };
		32B0B02A1F8DFCCE00B0FA9E /* Main.storyboard in Resources */ = {isa = PBXBuildFile; fileRef = 32B0B0281F8DFCCE00B0FA9E /* Main.storyboard */; };
		32B0B02D1F8DFCCE00B0FA9E /* Poem.xcdatamodeld in Sources */ = {isa = PBXBuildFile; fileRef = 32B0B02B1F8DFCCE00B0FA9E /* Poem.xcdatamodeld */; };
		32B0B02F1F8DFCCE00B0FA9E /* Assets.xcassets in Resources */ = {isa = PBXBuildFile; fileRef = 32B0B02E1F8DFCCE00B0FA9E /* Assets.xcassets */; };
		32B0B0321F8DFCCE00B0FA9E /* LaunchScreen.storyboard in Resources */ = {isa = PBXBuildFile; fileRef = 32B0B0301F8DFCCE00B0FA9E /* LaunchScreen.storyboard */; };
		32B0B0351F8DFCCE00B0FA9E /* main.m in Sources */ = {isa = PBXBuildFile; fileRef = 32B0B0341F8DFCCE00B0FA9E /* main.m */; };
		32B0B04A1F8DFD6800B0FA9E /* mainBackground.png in Resources */ = {isa = PBXBuildFile; fileRef = 32B0B03D1F8DFD6700B0FA9E /* mainBackground.png */; };
		32B0B04B1F8DFD6800B0FA9E /* mainBackground@2x.png in Resources */ = {isa = PBXBuildFile; fileRef = 32B0B03E1F8DFD6700B0FA9E /* mainBackground@2x.png */; };
		32B0B04C1F8DFD6800B0FA9E /* mainBackground@3x.png in Resources */ = {isa = PBXBuildFile; fileRef = 32B0B03F1F8DFD6700B0FA9E /* mainBackground@3x.png */; };
		32B0B04D1F8DFD6800B0FA9E /* speak.png in Resources */ = {isa = PBXBuildFile; fileRef = 32B0B0401F8DFD6700B0FA9E /* speak.png */; };
		32B0B04E1F8DFD6800B0FA9E /* speak@2x.png in Resources */ = {isa = PBXBuildFile; fileRef = 32B0B0411F8DFD6700B0FA9E /* speak@2x.png */; };
		32B0B04F1F8DFD6800B0FA9E /* speak@3x.png in Resources */ = {isa = PBXBuildFile; fileRef = 32B0B0421F8DFD6700B0FA9E /* speak@3x.png */; };
		32B0B0501F8DFD6800B0FA9E /* circleBackground.png in Resources */ = {isa = PBXBuildFile; fileRef = 32B0B0441F8DFD6700B0FA9E /* circleBackground.png */; };
		32B0B0511F8DFD6800B0FA9E /* fill.png in Resources */ = {isa = PBXBuildFile; fileRef = 32B0B0451F8DFD6700B0FA9E /* fill.png */; };
		32B0B0521F8DFD6800B0FA9E /* firstLine.png in Resources */ = {isa = PBXBuildFile; fileRef = 32B0B0461F8DFD6700B0FA9E /* firstLine.png */; };
		32B0B0531F8DFD6800B0FA9E /* maskImage.png in Resources */ = {isa = PBXBuildFile; fileRef = 32B0B0471F8DFD6700B0FA9E /* maskImage.png */; };
		32B0B0541F8DFD6800B0FA9E /* secondLine.png in Resources */ = {isa = PBXBuildFile; fileRef = 32B0B0481F8DFD6800B0FA9E /* secondLine.png */; };
		32C6C05B1F8F3585000FAE22 /* FMDBHelp.m in Sources */ = {isa = PBXBuildFile; fileRef = 32C6C0511F8F3585000FAE22 /* FMDBHelp.m */; };
		32C6C05C1F8F3585000FAE22 /* JMCircleAnimationView.m in Sources */ = {isa = PBXBuildFile; fileRef = 32C6C0531F8F3585000FAE22 /* JMCircleAnimationView.m */; };
		32C6C05D1F8F3585000FAE22 /* libOlamiRecognizer.a in Frameworks */ = {isa = PBXBuildFile; fileRef = 32C6C0541F8F3585000FAE22 /* libOlamiRecognizer.a */; };
		32C6C05E1F8F3585000FAE22 /* MBProgressHUD.m in Sources */ = {isa = PBXBuildFile; fileRef = 32C6C0571F8F3585000FAE22 /* MBProgressHUD.m */; };
		32C6C05F1F8F3585000FAE22 /* PoemData.m in Sources */ = {isa = PBXBuildFile; fileRef = 32C6C05A1F8F3585000FAE22 /* PoemData.m */; };
		32C6C06D1F8F35AE000FAE22 /* FMDatabase.m in Sources */ = {isa = PBXBuildFile; fileRef = 32C6C0621F8F35AE000FAE22 /* FMDatabase.m */; };
		32C6C06E1F8F35AE000FAE22 /* FMDatabaseAdditions.m in Sources */ = {isa = PBXBuildFile; fileRef = 32C6C0641F8F35AE000FAE22 /* FMDatabaseAdditions.m */; };
		32C6C06F1F8F35AE000FAE22 /* FMDatabasePool.m in Sources */ = {isa = PBXBuildFile; fileRef = 32C6C0661F8F35AE000FAE22 /* FMDatabasePool.m */; };
		32C6C0701F8F35AE000FAE22 /* FMDatabaseQueue.m in Sources */ = {isa = PBXBuildFile; fileRef = 32C6C0681F8F35AE000FAE22 /* FMDatabaseQueue.m */; };
		32C6C0711F8F35AE000FAE22 /* FMResultSet.m in Sources */ = {isa = PBXBuildFile; fileRef = 32C6C06B1F8F35AE000FAE22 /* FMResultSet.m */; };
		32C6C0721F8F35AE000FAE22 /* Info.plist in Resources */ = {isa = PBXBuildFile; fileRef = 32C6C06C1F8F35AE000FAE22 /* Info.plist */; };
		32C6C07A1F8F61C4000FAE22 /* YSCVolumeQueue.m in Sources */ = {isa = PBXBuildFile; fileRef = 32C6C0771F8F61C4000FAE22 /* YSCVolumeQueue.m */; };
		32C6C07B1F8F61C4000FAE22 /* YSCVoiceWaveView.m in Sources */ = {isa = PBXBuildFile; fileRef = 32C6C0781F8F61C4000FAE22 /* YSCVoiceWaveView.m */; };
		32C6C07E1F8F6239000FAE22 /* VoiceView.m in Sources */ = {isa = PBXBuildFile; fileRef = 32C6C07C1F8F6238000FAE22 /* VoiceView.m */; };
		32C6C0821F9095A0000FAE22 /* PoemDB.sqlite in Resources */ = {isa = PBXBuildFile; fileRef = 32C6C0811F9095A0000FAE22 /* PoemDB.sqlite */; };
/* End PBXBuildFile section */

/* Begin PBXFileReference section */
		32B0B01F1F8DFCCE00B0FA9E /* Poem.app */ = {isa = PBXFileReference; explicitFileType = wrapper.application; includeInIndex = 0; path = Poem.app; sourceTree = BUILT_PRODUCTS_DIR; };
		32B0B0221F8DFCCE00B0FA9E /* AppDelegate.h */ = {isa = PBXFileReference; lastKnownFileType = sourcecode.c.h; path = AppDelegate.h; sourceTree = "<group>"; };
		32B0B0231F8DFCCE00B0FA9E /* AppDelegate.m */ = {isa = PBXFileReference; lastKnownFileType = sourcecode.c.objc; path = AppDelegate.m; sourceTree = "<group>"; };
		32B0B0251F8DFCCE00B0FA9E /* ViewController.h */ = {isa = PBXFileReference; lastKnownFileType = sourcecode.c.h; path = ViewController.h; sourceTree = "<group>"; };
		32B0B0261F8DFCCE00B0FA9E /* ViewController.m */ = {isa = PBXFileReference; lastKnownFileType = sourcecode.c.objc; path = ViewController.m; sourceTree = "<group>"; };
		32B0B0291F8DFCCE00B0FA9E /* Base */ = {isa = PBXFileReference; lastKnownFileType = file.storyboard; name = Base; path = Base.lproj/Main.storyboard; sourceTree = "<group>"; };
		32B0B02C1F8DFCCE00B0FA9E /* Poem.xcdatamodel */ = {isa = PBXFileReference; lastKnownFileType = wrapper.xcdatamodel; path = Poem.xcdatamodel; sourceTree = "<group>"; };
		32B0B02E1F8DFCCE00B0FA9E /* Assets.xcassets */ = {isa = PBXFileReference; lastKnownFileType = folder.assetcatalog; path = Assets.xcassets; sourceTree = "<group>"; };
		32B0B0311F8DFCCE00B0FA9E /* Base */ = {isa = PBXFileReference; lastKnownFileType = file.storyboard; name = Base; path = Base.lproj/LaunchScreen.storyboard; sourceTree = "<group>"; };
		32B0B0331F8DFCCE00B0FA9E /* Info.plist */ = {isa = PBXFileReference; lastKnownFileType = text.plist.xml; path = Info.plist; sourceTree = "<group>"; };
		32B0B0341F8DFCCE00B0FA9E /* main.m */ = {isa = PBXFileReference; lastKnownFileType = sourcecode.c.objc; path = main.m; sourceTree = "<group>"; };
		32B0B03D1F8DFD6700B0FA9E /* mainBackground.png */ = {isa = PBXFileReference; lastKnownFileType = image.png; path = mainBackground.png; sourceTree = "<group>"; };
		32B0B03E1F8DFD6700B0FA9E /* mainBackground@2x.png */ = {isa = PBXFileReference; lastKnownFileType = image.png; path = "mainBackground@2x.png"; sourceTree = "<group>"; };
		32B0B03F1F8DFD6700B0FA9E /* mainBackground@3x.png */ = {isa = PBXFileReference; lastKnownFileType = image.png; path = "mainBackground@3x.png"; sourceTree = "<group>"; };
		32B0B0401F8DFD6700B0FA9E /* speak.png */ = {isa = PBXFileReference; lastKnownFileType = image.png; path = speak.png; sourceTree = "<group>"; };
		32B0B0411F8DFD6700B0FA9E /* speak@2x.png */ = {isa = PBXFileReference; lastKnownFileType = image.png; path = "speak@2x.png"; sourceTree = "<group>"; };
		32B0B0421F8DFD6700B0FA9E /* speak@3x.png */ = {isa = PBXFileReference; lastKnownFileType = image.png; path = "speak@3x.png"; sourceTree = "<group>"; };
		32B0B0441F8DFD6700B0FA9E /* circleBackground.png */ = {isa = PBXFileReference; lastKnownFileType = image.png; path = circleBackground.png; sourceTree = "<group>"; };
		32B0B0451F8DFD6700B0FA9E /* fill.png */ = {isa = PBXFileReference; lastKnownFileType = image.png; path = fill.png; sourceTree = "<group>"; };
		32B0B0461F8DFD6700B0FA9E /* firstLine.png */ = {isa = PBXFileReference; lastKnownFileType = image.png; path = firstLine.png; sourceTree = "<group>"; };
		32B0B0471F8DFD6700B0FA9E /* maskImage.png */ = {isa = PBXFileReference; lastKnownFileType = image.png; path = maskImage.png; sourceTree = "<group>"; };
		32B0B0481F8DFD6800B0FA9E /* secondLine.png */ = {isa = PBXFileReference; lastKnownFileType = image.png; path = secondLine.png; sourceTree = "<group>"; };
		32C6C0501F8F3585000FAE22 /* FMDBHelp.h */ = {isa = PBXFileReference; fileEncoding = 4; lastKnownFileType = sourcecode.c.h; path = FMDBHelp.h; sourceTree = "<group>"; };
		32C6C0511F8F3585000FAE22 /* FMDBHelp.m */ = {isa = PBXFileReference; fileEncoding = 4; lastKnownFileType = sourcecode.c.objc; path = FMDBHelp.m; sourceTree = "<group>"; };
		32C6C0521F8F3585000FAE22 /* JMCircleAnimationView.h */ = {isa = PBXFileReference; fileEncoding = 4; lastKnownFileType = sourcecode.c.h; path = JMCircleAnimationView.h; sourceTree = "<group>"; };
		32C6C0531F8F3585000FAE22 /* JMCircleAnimationView.m */ = {isa = PBXFileReference; fileEncoding = 4; lastKnownFileType = sourcecode.c.objc; path = JMCircleAnimationView.m; sourceTree = "<group>"; };
		32C6C0541F8F3585000FAE22 /* libOlamiRecognizer.a */ = {isa = PBXFileReference; lastKnownFileType = archive.ar; path = libOlamiRecognizer.a; sourceTree = "<group>"; };
		32C6C0561F8F3585000FAE22 /* MBProgressHUD.h */ = {isa = PBXFileReference; fileEncoding = 4; lastKnownFileType = sourcecode.c.h; path = MBProgressHUD.h; sourceTree = "<group>"; };
		32C6C0571F8F3585000FAE22 /* MBProgressHUD.m */ = {isa = PBXFileReference; fileEncoding = 4; lastKnownFileType = sourcecode.c.objc; path = MBProgressHUD.m; sourceTree = "<group>"; };
		32C6C0581F8F3585000FAE22 /* OlamiRecognizer.h */ = {isa = PBXFileReference; fileEncoding = 4; lastKnownFileType = sourcecode.c.h; path = OlamiRecognizer.h; sourceTree = "<group>"; };
		32C6C0591F8F3585000FAE22 /* PoemData.h */ = {isa = PBXFileReference; fileEncoding = 4; lastKnownFileType = sourcecode.c.h; path = PoemData.h; sourceTree = "<group>"; };
		32C6C05A1F8F3585000FAE22 /* PoemData.m */ = {isa = PBXFileReference; fileEncoding = 4; lastKnownFileType = sourcecode.c.objc; path = PoemData.m; sourceTree = "<group>"; };
		32C6C0611F8F35AE000FAE22 /* FMDatabase.h */ = {isa = PBXFileReference; fileEncoding = 4; lastKnownFileType = sourcecode.c.h; path = FMDatabase.h; sourceTree = "<group>"; };
		32C6C0621F8F35AE000FAE22 /* FMDatabase.m */ = {isa = PBXFileReference; fileEncoding = 4; lastKnownFileType = sourcecode.c.objc; path = FMDatabase.m; sourceTree = "<group>"; };
		32C6C0631F8F35AE000FAE22 /* FMDatabaseAdditions.h */ = {isa = PBXFileReference; fileEncoding = 4; lastKnownFileType = sourcecode.c.h; path = FMDatabaseAdditions.h; sourceTree = "<group>"; };
		32C6C0641F8F35AE000FAE22 /* FMDatabaseAdditions.m */ = {isa = PBXFileReference; fileEncoding = 4; lastKnownFileType = sourcecode.c.objc; path = FMDatabaseAdditions.m; sourceTree = "<group>"; };
		32C6C0651F8F35AE000FAE22 /* FMDatabasePool.h */ = {isa = PBXFileReference; fileEncoding = 4; lastKnownFileType = sourcecode.c.h; path = FMDatabasePool.h; sourceTree = "<group>"; };
		32C6C0661F8F35AE000FAE22 /* FMDatabasePool.m */ = {isa = PBXFileReference; fileEncoding = 4; lastKnownFileType = sourcecode.c.objc; path = FMDatabasePool.m; sourceTree = "<group>"; };
		32C6C0671F8F35AE000FAE22 /* FMDatabaseQueue.h */ = {isa = PBXFileReference; fileEncoding = 4; lastKnownFileType = sourcecode.c.h; path = FMDatabaseQueue.h; sourceTree = "<group>"; };
		32C6C0681F8F35AE000FAE22 /* FMDatabaseQueue.m */ = {isa = PBXFileReference; fileEncoding = 4; lastKnownFileType = sourcecode.c.objc; path = FMDatabaseQueue.m; sourceTree = "<group>"; };
		32C6C0691F8F35AE000FAE22 /* FMDB.h */ = {isa = PBXFileReference; fileEncoding = 4; lastKnownFileType = sourcecode.c.h; path = FMDB.h; sourceTree = "<group>"; };
		32C6C06A1F8F35AE000FAE22 /* FMResultSet.h */ = {isa = PBXFileReference; fileEncoding = 4; lastKnownFileType = sourcecode.c.h; path = FMResultSet.h; sourceTree = "<group>"; };
		32C6C06B1F8F35AE000FAE22 /* FMResultSet.m */ = {isa = PBXFileReference; fileEncoding = 4; lastKnownFileType = sourcecode.c.objc; path = FMResultSet.m; sourceTree = "<group>"; };
		32C6C06C1F8F35AE000FAE22 /* Info.plist */ = {isa = PBXFileReference; fileEncoding = 4; lastKnownFileType = text.plist.xml; path = Info.plist; sourceTree = "<group>"; };
		32C6C0761F8F61C4000FAE22 /* YSCVolumeQueue.h */ = {isa = PBXFileReference; fileEncoding = 4; lastKnownFileType = sourcecode.c.h; path = YSCVolumeQueue.h; sourceTree = "<group>"; };
		32C6C0771F8F61C4000FAE22 /* YSCVolumeQueue.m */ = {isa = PBXFileReference; fileEncoding = 4; lastKnownFileType = sourcecode.c.objc; path = YSCVolumeQueue.m; sourceTree = "<group>"; };
		32C6C0781F8F61C4000FAE22 /* YSCVoiceWaveView.m */ = {isa = PBXFileReference; fileEncoding = 4; lastKnownFileType = sourcecode.c.objc; path = YSCVoiceWaveView.m; sourceTree = "<group>"; };
		32C6C0791F8F61C4000FAE22 /* YSCVoiceWaveView.h */ = {isa = PBXFileReference; fileEncoding = 4; lastKnownFileType = sourcecode.c.h; path = YSCVoiceWaveView.h; sourceTree = "<group>"; };
		32C6C07C1F8F6238000FAE22 /* VoiceView.m */ = {isa = PBXFileReference; fileEncoding = 4; lastKnownFileType = sourcecode.c.objc; path = VoiceView.m; sourceTree = "<group>"; };
		32C6C07D1F8F6239000FAE22 /* VoiceView.h */ = {isa = PBXFileReference; fileEncoding = 4; lastKnownFileType = sourcecode.c.h; path = VoiceView.h; sourceTree = "<group>"; };
		32C6C0801F8F62AE000FAE22 /* Macro.h */ = {isa = PBXFileReference; fileEncoding = 4; lastKnownFileType = sourcecode.c.h; path = Macro.h; sourceTree = "<group>"; };
		32C6C0811F9095A0000FAE22 /* PoemDB.sqlite */ = {isa = PBXFileReference; lastKnownFileType = file; path = PoemDB.sqlite; sourceTree = "<group>"; };
/* End PBXFileReference section */

/* Begin PBXFrameworksBuildPhase section */
		32B0B01C1F8DFCCE00B0FA9E /* Frameworks */ = {
			isa = PBXFrameworksBuildPhase;
			buildActionMask = 2147483647;
			files = (
				32C6C05D1F8F3585000FAE22 /* libOlamiRecognizer.a in Frameworks */,
			);
			runOnlyForDeploymentPostprocessing = 0;
		};
/* End PBXFrameworksBuildPhase section */

/* Begin PBXGroup section */
		32B0B0161F8DFCCE00B0FA9E = {
			isa = PBXGroup;
			children = (
				32B0B0211F8DFCCE00B0FA9E /* Poem */,
				32B0B0201F8DFCCE00B0FA9E /* Products */,
			);
			sourceTree = "<group>";
		};
		32B0B0201F8DFCCE00B0FA9E /* Products */ = {
			isa = PBXGroup;
			children = (
				32B0B01F1F8DFCCE00B0FA9E /* Poem.app */,
			);
			name = Products;
			sourceTree = "<group>";
		};
		32B0B0211F8DFCCE00B0FA9E /* Poem */ = {
			isa = PBXGroup;
			children = (
				32C6C0811F9095A0000FAE22 /* PoemDB.sqlite */,
				32C6C04F1F8F3585000FAE22 /* Helper */,
				32B0B03B1F8DFD6700B0FA9E /* resource */,
				32B0B0221F8DFCCE00B0FA9E /* AppDelegate.h */,
				32B0B0231F8DFCCE00B0FA9E /* AppDelegate.m */,
				32B0B0251F8DFCCE00B0FA9E /* ViewController.h */,
				32B0B0261F8DFCCE00B0FA9E /* ViewController.m */,
				32B0B0281F8DFCCE00B0FA9E /* Main.storyboard */,
				32B0B02E1F8DFCCE00B0FA9E /* Assets.xcassets */,
				32B0B0301F8DFCCE00B0FA9E /* LaunchScreen.storyboard */,
				32B0B0331F8DFCCE00B0FA9E /* Info.plist */,
				32B0B0341F8DFCCE00B0FA9E /* main.m */,
				32B0B02B1F8DFCCE00B0FA9E /* Poem.xcdatamodeld */,
			);
			path = Poem;
			sourceTree = "<group>";
		};
		32B0B03B1F8DFD6700B0FA9E /* resource */ = {
			isa = PBXGroup;
			children = (
				32B0B03D1F8DFD6700B0FA9E /* mainBackground.png */,
				32B0B03E1F8DFD6700B0FA9E /* mainBackground@2x.png */,
				32B0B03F1F8DFD6700B0FA9E /* mainBackground@3x.png */,
				32B0B0401F8DFD6700B0FA9E /* speak.png */,
				32B0B0411F8DFD6700B0FA9E /* speak@2x.png */,
				32B0B0421F8DFD6700B0FA9E /* speak@3x.png */,
				32B0B0431F8DFD6700B0FA9E /* voiceview */,
			);
			path = resource;
			sourceTree = "<group>";
		};
		32B0B0431F8DFD6700B0FA9E /* voiceview */ = {
			isa = PBXGroup;
			children = (
				32B0B0441F8DFD6700B0FA9E /* circleBackground.png */,
				32B0B0451F8DFD6700B0FA9E /* fill.png */,
				32B0B0461F8DFD6700B0FA9E /* firstLine.png */,
				32B0B0471F8DFD6700B0FA9E /* maskImage.png */,
				32B0B0481F8DFD6800B0FA9E /* secondLine.png */,
			);
			path = voiceview;
			sourceTree = "<group>";
		};
		32C6C04F1F8F3585000FAE22 /* Helper */ = {
			isa = PBXGroup;
			children = (
				32C6C0801F8F62AE000FAE22 /* Macro.h */,
				32C6C07F1F8F6264000FAE22 /* VoiceView */,
				32C6C0601F8F35AE000FAE22 /* fmdb */,
				32C6C0501F8F3585000FAE22 /* FMDBHelp.h */,
				32C6C0511F8F3585000FAE22 /* FMDBHelp.m */,
				32C6C0591F8F3585000FAE22 /* PoemData.h */,
				32C6C05A1F8F3585000FAE22 /* PoemData.m */,
				32C6C0521F8F3585000FAE22 /* JMCircleAnimationView.h */,
				32C6C0531F8F3585000FAE22 /* JMCircleAnimationView.m */,
				32C6C0541F8F3585000FAE22 /* libOlamiRecognizer.a */,
				32C6C0551F8F3585000FAE22 /* MBProgressHUD */,
				32C6C0581F8F3585000FAE22 /* OlamiRecognizer.h */,
			);
			path = Helper;
			sourceTree = "<group>";
		};
		32C6C0551F8F3585000FAE22 /* MBProgressHUD */ = {
			isa = PBXGroup;
			children = (
				32C6C0561F8F3585000FAE22 /* MBProgressHUD.h */,
				32C6C0571F8F3585000FAE22 /* MBProgressHUD.m */,
			);
			path = MBProgressHUD;
			sourceTree = "<group>";
		};
		32C6C0601F8F35AE000FAE22 /* fmdb */ = {
			isa = PBXGroup;
			children = (
				32C6C0611F8F35AE000FAE22 /* FMDatabase.h */,
				32C6C0621F8F35AE000FAE22 /* FMDatabase.m */,
				32C6C0631F8F35AE000FAE22 /* FMDatabaseAdditions.h */,
				32C6C0641F8F35AE000FAE22 /* FMDatabaseAdditions.m */,
				32C6C0651F8F35AE000FAE22 /* FMDatabasePool.h */,
				32C6C0661F8F35AE000FAE22 /* FMDatabasePool.m */,
				32C6C0671F8F35AE000FAE22 /* FMDatabaseQueue.h */,
				32C6C0681F8F35AE000FAE22 /* FMDatabaseQueue.m */,
				32C6C0691F8F35AE000FAE22 /* FMDB.h */,
				32C6C06A1F8F35AE000FAE22 /* FMResultSet.h */,
				32C6C06B1F8F35AE000FAE22 /* FMResultSet.m */,
				32C6C06C1F8F35AE000FAE22 /* Info.plist */,
			);
			path = fmdb;
			sourceTree = "<group>";
		};
		32C6C07F1F8F6264000FAE22 /* VoiceView */ = {
			isa = PBXGroup;
			children = (
				32C6C07D1F8F6239000FAE22 /* VoiceView.h */,
				32C6C07C1F8F6238000FAE22 /* VoiceView.m */,
				32C6C0791F8F61C4000FAE22 /* YSCVoiceWaveView.h */,
				32C6C0781F8F61C4000FAE22 /* YSCVoiceWaveView.m */,
				32C6C0761F8F61C4000FAE22 /* YSCVolumeQueue.h */,
				32C6C0771F8F61C4000FAE22 /* YSCVolumeQueue.m */,
			);
			path = VoiceView;
			sourceTree = "<group>";
		};
/* End PBXGroup section */

/* Begin PBXNativeTarget section */
		32B0B01E1F8DFCCE00B0FA9E /* Poem */ = {
			isa = PBXNativeTarget;
			buildConfigurationList = 32B0B0381F8DFCCE00B0FA9E /* Build configuration list for PBXNativeTarget "Poem" */;
			buildPhases = (
				32B0B01B1F8DFCCE00B0FA9E /* Sources */,
				32B0B01C1F8DFCCE00B0FA9E /* Frameworks */,
				32B0B01D1F8DFCCE00B0FA9E /* Resources */,
			);
			buildRules = (
			);
			dependencies = (
			);
			name = Poem;
			productName = Poem;
			productReference = 32B0B01F1F8DFCCE00B0FA9E /* Poem.app */;
			productType = "com.apple.product-type.application";
		};
/* End PBXNativeTarget section */

/* Begin PBXProject section */
		32B0B0171F8DFCCE00B0FA9E /* Project object */ = {
			isa = PBXProject;
			attributes = {
				LastUpgradeCheck = 0900;
				ORGANIZATIONNAME = "VIA Technologies, Inc. & OLAMI Team";
				TargetAttributes = {
					32B0B01E1F8DFCCE00B0FA9E = {
						CreatedOnToolsVersion = 9.0;
						ProvisioningStyle = Automatic;
					};
				};
			};
			buildConfigurationList = 32B0B01A1F8DFCCE00B0FA9E /* Build configuration list for PBXProject "Poem" */;
			compatibilityVersion = "Xcode 8.0";
			developmentRegion = en;
			hasScannedForEncodings = 0;
			knownRegions = (
				en,
				Base,
			);
			mainGroup = 32B0B0161F8DFCCE00B0FA9E;
			productRefGroup = 32B0B0201F8DFCCE00B0FA9E /* Products */;
			projectDirPath = "";
			projectRoot = "";
			targets = (
				32B0B01E1F8DFCCE00B0FA9E /* Poem */,
			);
		};
/* End PBXProject section */

/* Begin PBXResourcesBuildPhase section */
		32B0B01D1F8DFCCE00B0FA9E /* Resources */ = {
			isa = PBXResourcesBuildPhase;
			buildActionMask = 2147483647;
			files = (
				32B0B04D1F8DFD6800B0FA9E /* speak.png in Resources */,
				32B0B04E1F8DFD6800B0FA9E /* speak@2x.png in Resources */,
				32B0B0511F8DFD6800B0FA9E /* fill.png in Resources */,
				32B0B04C1F8DFD6800B0FA9E /* mainBackground@3x.png in Resources */,
				32C6C0821F9095A0000FAE22 /* PoemDB.sqlite in Resources */,
				32B0B0321F8DFCCE00B0FA9E /* LaunchScreen.storyboard in Resources */,
				32B0B0501F8DFD6800B0FA9E /* circleBackground.png in Resources */,
				32B0B0531F8DFD6800B0FA9E /* maskImage.png in Resources */,
				32B0B02F1F8DFCCE00B0FA9E /* Assets.xcassets in Resources */,
				32C6C0721F8F35AE000FAE22 /* Info.plist in Resources */,
				32B0B04F1F8DFD6800B0FA9E /* speak@3x.png in Resources */,
				32B0B04B1F8DFD6800B0FA9E /* mainBackground@2x.png in Resources */,
				32B0B0541F8DFD6800B0FA9E /* secondLine.png in Resources */,
				32B0B0521F8DFD6800B0FA9E /* firstLine.png in Resources */,
				32B0B02A1F8DFCCE00B0FA9E /* Main.storyboard in Resources */,
				32B0B04A1F8DFD6800B0FA9E /* mainBackground.png in Resources */,
			);
			runOnlyForDeploymentPostprocessing = 0;
		};
/* End PBXResourcesBuildPhase section */

/* Begin PBXSourcesBuildPhase section */
		32B0B01B1F8DFCCE00B0FA9E /* Sources */ = {
			isa = PBXSourcesBuildPhase;
			buildActionMask = 2147483647;
			files = (
				32C6C07B1F8F61C4000FAE22 /* YSCVoiceWaveView.m in Sources */,
				32C6C05F1F8F3585000FAE22 /* PoemData.m in Sources */,
				32C6C05C1F8F3585000FAE22 /* JMCircleAnimationView.m in Sources */,
				32B0B0271F8DFCCE00B0FA9E /* ViewController.m in Sources */,
				32C6C06D1F8F35AE000FAE22 /* FMDatabase.m in Sources */,
				32C6C05B1F8F3585000FAE22 /* FMDBHelp.m in Sources */,
				32C6C0701F8F35AE000FAE22 /* FMDatabaseQueue.m in Sources */,
				32C6C07E1F8F6239000FAE22 /* VoiceView.m in Sources */,
				32C6C0711F8F35AE000FAE22 /* FMResultSet.m in Sources */,
				32C6C06F1F8F35AE000FAE22 /* FMDatabasePool.m in Sources */,
				32B0B02D1F8DFCCE00B0FA9E /* Poem.xcdatamodeld in Sources */,
				32C6C07A1F8F61C4000FAE22 /* YSCVolumeQueue.m in Sources */,
				32B0B0351F8DFCCE00B0FA9E /* main.m in Sources */,
				32B0B0241F8DFCCE00B0FA9E /* AppDelegate.m in Sources */,
				32C6C05E1F8F3585000FAE22 /* MBProgressHUD.m in Sources */,
				32C6C06E1F8F35AE000FAE22 /* FMDatabaseAdditions.m in Sources */,
			);
			runOnlyForDeploymentPostprocessing = 0;
		};
/* End PBXSourcesBuildPhase section */

/* Begin PBXVariantGroup section */
		32B0B0281F8DFCCE00B0FA9E /* Main.storyboard */ = {
			isa = PBXVariantGroup;
			children = (
				32B0B0291F8DFCCE00B0FA9E /* Base */,
			);
			name = Main.storyboard;
			sourceTree = "<group>";
		};
		32B0B0301F8DFCCE00B0FA9E /* LaunchScreen.storyboard */ = {
			isa = PBXVariantGroup;
			children = (
				32B0B0311F8DFCCE00B0FA9E /* Base */,
			);
			name = LaunchScreen.storyboard;
			sourceTree = "<group>";
		};
/* End PBXVariantGroup section */

/* Begin XCBuildConfiguration section */
		32B0B0361F8DFCCE00B0FA9E /* Debug */ = {
			isa = XCBuildConfiguration;
			buildSettings = {
				ALWAYS_SEARCH_USER_PATHS = NO;
				ARCHS = "$(ARCHS_STANDARD)";
				CLANG_ANALYZER_NONNULL = YES;
				CLANG_ANALYZER_NUMBER_OBJECT_CONVERSION = YES_AGGRESSIVE;
				CLANG_CXX_LANGUAGE_STANDARD = "gnu++14";
				CLANG_CXX_LIBRARY = "libc++";
				CLANG_ENABLE_MODULES = YES;
				CLANG_ENABLE_OBJC_ARC = YES;
				CLANG_WARN_BLOCK_CAPTURE_AUTORELEASING = YES;
				CLANG_WARN_BOOL_CONVERSION = YES;
				CLANG_WARN_COMMA = YES;
				CLANG_WARN_CONSTANT_CONVERSION = YES;
				CLANG_WARN_DIRECT_OBJC_ISA_USAGE = YES_ERROR;
				CLANG_WARN_DOCUMENTATION_COMMENTS = YES;
				CLANG_WARN_EMPTY_BODY = YES;
				CLANG_WARN_ENUM_CONVERSION = YES;
				CLANG_WARN_INFINITE_RECURSION = YES;
				CLANG_WARN_INT_CONVERSION = YES;
				CLANG_WARN_NON_LITERAL_NULL_CONVERSION = YES;
				CLANG_WARN_OBJC_LITERAL_CONVERSION = YES;
				CLANG_WARN_OBJC_ROOT_CLASS = YES_ERROR;
				CLANG_WARN_RANGE_LOOP_ANALYSIS = YES;
				CLANG_WARN_STRICT_PROTOTYPES = YES;
				CLANG_WARN_SUSPICIOUS_MOVE = YES;
				CLANG_WARN_UNGUARDED_AVAILABILITY = YES_AGGRESSIVE;
				CLANG_WARN_UNREACHABLE_CODE = YES;
				CLANG_WARN__DUPLICATE_METHOD_MATCH = YES;
				CODE_SIGN_IDENTITY = "iPhone Developer";
				COPY_PHASE_STRIP = NO;
				DEBUG_INFORMATION_FORMAT = dwarf;
				ENABLE_BITCODE = NO;
				ENABLE_STRICT_OBJC_MSGSEND = YES;
				ENABLE_TESTABILITY = YES;
				GCC_C_LANGUAGE_STANDARD = gnu11;
				GCC_DYNAMIC_NO_PIC = NO;
				GCC_NO_COMMON_BLOCKS = YES;
				GCC_OPTIMIZATION_LEVEL = 0;
				GCC_PREPROCESSOR_DEFINITIONS = (
					"DEBUG=1",
					"$(inherited)",
				);
				GCC_WARN_64_TO_32_BIT_CONVERSION = YES;
				GCC_WARN_ABOUT_RETURN_TYPE = YES_ERROR;
				GCC_WARN_UNDECLARED_SELECTOR = YES;
				GCC_WARN_UNINITIALIZED_AUTOS = YES_AGGRESSIVE;
				GCC_WARN_UNUSED_FUNCTION = YES;
				GCC_WARN_UNUSED_VARIABLE = YES;
				IPHONEOS_DEPLOYMENT_TARGET = 9.0;
				MTL_ENABLE_DEBUG_INFO = YES;
				ONLY_ACTIVE_ARCH = NO;
				SDKROOT = iphoneos;
			};
			name = Debug;
		};
		32B0B0371F8DFCCE00B0FA9E /* Release */ = {
			isa = XCBuildConfiguration;
			buildSettings = {
				ALWAYS_SEARCH_USER_PATHS = NO;
				ARCHS = "$(ARCHS_STANDARD)";
				CLANG_ANALYZER_NONNULL = YES;
				CLANG_ANALYZER_NUMBER_OBJECT_CONVERSION = YES_AGGRESSIVE;
				CLANG_CXX_LANGUAGE_STANDARD = "gnu++14";
				CLANG_CXX_LIBRARY = "libc++";
				CLANG_ENABLE_MODULES = YES;
				CLANG_ENABLE_OBJC_ARC = YES;
				CLANG_WARN_BLOCK_CAPTURE_AUTORELEASING = YES;
				CLANG_WARN_BOOL_CONVERSION = YES;
				CLANG_WARN_COMMA = YES;
				CLANG_WARN_CONSTANT_CONVERSION = YES;
				CLANG_WARN_DIRECT_OBJC_ISA_USAGE = YES_ERROR;
				CLANG_WARN_DOCUMENTATION_COMMENTS = YES;
				CLANG_WARN_EMPTY_BODY = YES;
				CLANG_WARN_ENUM_CONVERSION = YES;
				CLANG_WARN_INFINITE_RECURSION = YES;
				CLANG_WARN_INT_CONVERSION = YES;
				CLANG_WARN_NON_LITERAL_NULL_CONVERSION = YES;
				CLANG_WARN_OBJC_LITERAL_CONVERSION = YES;
				CLANG_WARN_OBJC_ROOT_CLASS = YES_ERROR;
				CLANG_WARN_RANGE_LOOP_ANALYSIS = YES;
				CLANG_WARN_STRICT_PROTOTYPES = YES;
				CLANG_WARN_SUSPICIOUS_MOVE = YES;
				CLANG_WARN_UNGUARDED_AVAILABILITY = YES_AGGRESSIVE;
				CLANG_WARN_UNREACHABLE_CODE = YES;
				CLANG_WARN__DUPLICATE_METHOD_MATCH = YES;
				CODE_SIGN_IDENTITY = "iPhone Developer";
				COPY_PHASE_STRIP = NO;
				DEBUG_INFORMATION_FORMAT = "dwarf-with-dsym";
				ENABLE_BITCODE = NO;
				ENABLE_NS_ASSERTIONS = NO;
				ENABLE_STRICT_OBJC_MSGSEND = YES;
				GCC_C_LANGUAGE_STANDARD = gnu11;
				GCC_NO_COMMON_BLOCKS = YES;
				GCC_WARN_64_TO_32_BIT_CONVERSION = YES;
				GCC_WARN_ABOUT_RETURN_TYPE = YES_ERROR;
				GCC_WARN_UNDECLARED_SELECTOR = YES;
				GCC_WARN_UNINITIALIZED_AUTOS = YES_AGGRESSIVE;
				GCC_WARN_UNUSED_FUNCTION = YES;
				GCC_WARN_UNUSED_VARIABLE = YES;
				IPHONEOS_DEPLOYMENT_TARGET = 9.0;
				MTL_ENABLE_DEBUG_INFO = NO;
				SDKROOT = iphoneos;
				VALIDATE_PRODUCT = YES;
			};
			name = Release;
		};
		32B0B0391F8DFCCE00B0FA9E /* Debug */ = {
			isa = XCBuildConfiguration;
			buildSettings = {
				ASSETCATALOG_COMPILER_APPICON_NAME = AppIcon;
				CODE_SIGN_STYLE = Automatic;
				DEVELOPMENT_TEAM = 3CAWU27LX9;
				INFOPLIST_FILE = Poem/Info.plist;
				IPHONEOS_DEPLOYMENT_TARGET = 9.0;
				LD_RUNPATH_SEARCH_PATHS = "$(inherited) @executable_path/Frameworks";
				LIBRARY_SEARCH_PATHS = (
					"$(inherited)",
					"$(PROJECT_DIR)/Poem/Helper",
				);
				PRODUCT_BUNDLE_IDENTIFIER = ai.olami.Poem;
				PRODUCT_NAME = "$(TARGET_NAME)";
				TARGETED_DEVICE_FAMILY = "1,2";
			};
			name = Debug;
		};
		32B0B03A1F8DFCCE00B0FA9E /* Release */ = {
			isa = XCBuildConfiguration;
			buildSettings = {
				ASSETCATALOG_COMPILER_APPICON_NAME = AppIcon;
				CODE_SIGN_STYLE = Automatic;
				DEVELOPMENT_TEAM = 3CAWU27LX9;
				INFOPLIST_FILE = Poem/Info.plist;
				IPHONEOS_DEPLOYMENT_TARGET = 9.0;
				LD_RUNPATH_SEARCH_PATHS = "$(inherited) @executable_path/Frameworks";
				LIBRARY_SEARCH_PATHS = (
					"$(inherited)",
					"$(PROJECT_DIR)/Poem/Helper",
				);
				PRODUCT_BUNDLE_IDENTIFIER = ai.olami.Poem;
				PRODUCT_NAME = "$(TARGET_NAME)";
				TARGETED_DEVICE_FAMILY = "1,2";
			};
			name = Release;
		};
/* End XCBuildConfiguration section */

/* Begin XCConfigurationList section */
		32B0B01A1F8DFCCE00B0FA9E /* Build configuration list for PBXProject "Poem" */ = {
			isa = XCConfigurationList;
			buildConfigurations = (
				32B0B0361F8DFCCE00B0FA9E /* Debug */,
				32B0B0371F8DFCCE00B0FA9E /* Release */,
			);
			defaultConfigurationIsVisible = 0;
			defaultConfigurationName = Release;
		};
		32B0B0381F8DFCCE00B0FA9E /* Build configuration list for PBXNativeTarget "Poem" */ = {
			isa = XCConfigurationList;
			buildConfigurations = (
				32B0B0391F8DFCCE00B0FA9E /* Debug */,
				32B0B03A1F8DFCCE00B0FA9E /* Release */,
			);
			defaultConfigurationIsVisible = 0;
			defaultConfigurationName = Release;
		};
/* End XCConfigurationList section */

/* Begin XCVersionGroup section */
		32B0B02B1F8DFCCE00B0FA9E /* Poem.xcdatamodeld */ = {
			isa = XCVersionGroup;
			children = (
				32B0B02C1F8DFCCE00B0FA9E /* Poem.xcdatamodel */,
			);
			currentVersion = 32B0B02C1F8DFCCE00B0FA9E /* Poem.xcdatamodel */;
			path = Poem.xcdatamodeld;
			sourceTree = "<group>";
			versionGroupType = wrapper.xcdatamodel;
		};
/* End XCVersionGroup section */
	};
	rootObject = 32B0B0171F8DFCCE00B0FA9E /* Project object */;
}
